// !$*UTF8*$!
{
	archiveVersion = 1;
	classes = {
	};
	objectVersion = 50;
	objects = {

/* Begin PBXBuildFile section */
		FE128DC423D7EF37006C9990 /* DynamicValue.swift in Sources */ = {isa = PBXBuildFile; fileRef = FE128DC323D7EF37006C9990 /* DynamicValue.swift */; };
		FE128DC623D7EFAA006C9990 /* GenericDataSource.swift in Sources */ = {isa = PBXBuildFile; fileRef = FE128DC523D7EFAA006C9990 /* GenericDataSource.swift */; };
		FE128DC823D7F04F006C9990 /* FactListViewModel.swift in Sources */ = {isa = PBXBuildFile; fileRef = FE128DC723D7F04F006C9990 /* FactListViewModel.swift */; };
		FE128DCA23D7F238006C9990 /* ViewController+Datasource.swift in Sources */ = {isa = PBXBuildFile; fileRef = FE128DC923D7F238006C9990 /* ViewController+Datasource.swift */; };
		FE34D63A23D7169700B34880 /* FactModel.swift in Sources */ = {isa = PBXBuildFile; fileRef = FE34D63923D7169700B34880 /* FactModel.swift */; };
		FE34D63E23D71DC600B34880 /* TestInfosysApplicationFactListModel.swift in Sources */ = {isa = PBXBuildFile; fileRef = FE34D63D23D71DC600B34880 /* TestInfosysApplicationFactListModel.swift */; };
		FE34D64023D71F5D00B34880 /* FactListModel.swift in Sources */ = {isa = PBXBuildFile; fileRef = FE34D63F23D71F5D00B34880 /* FactListModel.swift */; };
		FE34D64223D73F1700B34880 /* FactsManager.swift in Sources */ = {isa = PBXBuildFile; fileRef = FE34D64123D73F1700B34880 /* FactsManager.swift */; };
		FE34D64923D75A4700B34880 /* PhotoRecord.swift in Sources */ = {isa = PBXBuildFile; fileRef = FE34D64823D75A4700B34880 /* PhotoRecord.swift */; };
		FE34D64B23D75AA400B34880 /* PendingOperations.swift in Sources */ = {isa = PBXBuildFile; fileRef = FE34D64A23D75AA400B34880 /* PendingOperations.swift */; };
		FE34D64D23D75AE600B34880 /* ImageDownloader.swift in Sources */ = {isa = PBXBuildFile; fileRef = FE34D64C23D75AE600B34880 /* ImageDownloader.swift */; };
		FE34D65123D761AB00B34880 /* APIClient.swift in Sources */ = {isa = PBXBuildFile; fileRef = FE34D65023D761AB00B34880 /* APIClient.swift */; };
		FE34D65323D776B000B34880 /* FactTableViewCell.swift in Sources */ = {isa = PBXBuildFile; fileRef = FE34D65223D776B000B34880 /* FactTableViewCell.swift */; };
		FEACEB2423D7099400166FFE /* AppDelegate.swift in Sources */ = {isa = PBXBuildFile; fileRef = FEACEB2323D7099400166FFE /* AppDelegate.swift */; };
		FEACEB2623D7099400166FFE /* ViewController.swift in Sources */ = {isa = PBXBuildFile; fileRef = FEACEB2523D7099400166FFE /* ViewController.swift */; };
		FEACEB2B23D7099F00166FFE /* Assets.xcassets in Resources */ = {isa = PBXBuildFile; fileRef = FEACEB2A23D7099F00166FFE /* Assets.xcassets */; };
		FEACEB2E23D7099F00166FFE /* LaunchScreen.storyboard in Resources */ = {isa = PBXBuildFile; fileRef = FEACEB2C23D7099F00166FFE /* LaunchScreen.storyboard */; };
		FEACEB3923D7099F00166FFE /* TestInfosysApplicationTests.swift in Sources */ = {isa = PBXBuildFile; fileRef = FEACEB3823D7099F00166FFE /* TestInfosysApplicationTests.swift */; };
		FEACEB4423D7099F00166FFE /* TestInfosysApplicationUITests.swift in Sources */ = {isa = PBXBuildFile; fileRef = FEACEB4323D7099F00166FFE /* TestInfosysApplicationUITests.swift */; };
		FEACEB5723D70C0800166FFE /* Constants.swift in Sources */ = {isa = PBXBuildFile; fileRef = FEACEB5623D70C0800166FFE /* Constants.swift */; };
		FEACEB5B23D7119100166FFE /* TestInfosysApplicationFactModel.swift in Sources */ = {isa = PBXBuildFile; fileRef = FEACEB5A23D7119100166FFE /* TestInfosysApplicationFactModel.swift */; };
/* End PBXBuildFile section */

/* Begin PBXContainerItemProxy section */
		FEACEB3523D7099F00166FFE /* PBXContainerItemProxy */ = {
			isa = PBXContainerItemProxy;
			containerPortal = FEACEB1823D7099400166FFE /* Project object */;
			proxyType = 1;
			remoteGlobalIDString = FEACEB1F23D7099400166FFE;
			remoteInfo = TestInfosysApplication;
		};
		FEACEB4023D7099F00166FFE /* PBXContainerItemProxy */ = {
			isa = PBXContainerItemProxy;
			containerPortal = FEACEB1823D7099400166FFE /* Project object */;
			proxyType = 1;
			remoteGlobalIDString = FEACEB1F23D7099400166FFE;
			remoteInfo = TestInfosysApplication;
		};
/* End PBXContainerItemProxy section */

/* Begin PBXFileReference section */
		FE128DC323D7EF37006C9990 /* DynamicValue.swift */ = {isa = PBXFileReference; lastKnownFileType = sourcecode.swift; path = DynamicValue.swift; sourceTree = "<group>"; };
		FE128DC523D7EFAA006C9990 /* GenericDataSource.swift */ = {isa = PBXFileReference; lastKnownFileType = sourcecode.swift; path = GenericDataSource.swift; sourceTree = "<group>"; };
		FE128DC723D7F04F006C9990 /* FactListViewModel.swift */ = {isa = PBXFileReference; lastKnownFileType = sourcecode.swift; path = FactListViewModel.swift; sourceTree = "<group>"; };
		FE128DC923D7F238006C9990 /* ViewController+Datasource.swift */ = {isa = PBXFileReference; lastKnownFileType = sourcecode.swift; path = "ViewController+Datasource.swift"; sourceTree = "<group>"; };
		FE34D63923D7169700B34880 /* FactModel.swift */ = {isa = PBXFileReference; lastKnownFileType = sourcecode.swift; path = FactModel.swift; sourceTree = "<group>"; };
		FE34D63D23D71DC600B34880 /* TestInfosysApplicationFactListModel.swift */ = {isa = PBXFileReference; lastKnownFileType = sourcecode.swift; path = TestInfosysApplicationFactListModel.swift; sourceTree = "<group>"; };
		FE34D63F23D71F5D00B34880 /* FactListModel.swift */ = {isa = PBXFileReference; lastKnownFileType = sourcecode.swift; path = FactListModel.swift; sourceTree = "<group>"; };
		FE34D64123D73F1700B34880 /* FactsManager.swift */ = {isa = PBXFileReference; lastKnownFileType = sourcecode.swift; path = FactsManager.swift; sourceTree = "<group>"; };
		FE34D64823D75A4700B34880 /* PhotoRecord.swift */ = {isa = PBXFileReference; lastKnownFileType = sourcecode.swift; path = PhotoRecord.swift; sourceTree = "<group>"; };
		FE34D64A23D75AA400B34880 /* PendingOperations.swift */ = {isa = PBXFileReference; lastKnownFileType = sourcecode.swift; path = PendingOperations.swift; sourceTree = "<group>"; };
		FE34D64C23D75AE600B34880 /* ImageDownloader.swift */ = {isa = PBXFileReference; lastKnownFileType = sourcecode.swift; path = ImageDownloader.swift; sourceTree = "<group>"; };
		FE34D65023D761AB00B34880 /* APIClient.swift */ = {isa = PBXFileReference; lastKnownFileType = sourcecode.swift; path = APIClient.swift; sourceTree = "<group>"; };
		FE34D65223D776B000B34880 /* FactTableViewCell.swift */ = {isa = PBXFileReference; lastKnownFileType = sourcecode.swift; path = FactTableViewCell.swift; sourceTree = "<group>"; };
		FEACEB2023D7099400166FFE /* TestInfosysApplication.app */ = {isa = PBXFileReference; explicitFileType = wrapper.application; includeInIndex = 0; path = TestInfosysApplication.app; sourceTree = BUILT_PRODUCTS_DIR; };
		FEACEB2323D7099400166FFE /* AppDelegate.swift */ = {isa = PBXFileReference; lastKnownFileType = sourcecode.swift; path = AppDelegate.swift; sourceTree = "<group>"; };
		FEACEB2523D7099400166FFE /* ViewController.swift */ = {isa = PBXFileReference; lastKnownFileType = sourcecode.swift; path = ViewController.swift; sourceTree = "<group>"; };
		FEACEB2A23D7099F00166FFE /* Assets.xcassets */ = {isa = PBXFileReference; lastKnownFileType = folder.assetcatalog; path = Assets.xcassets; sourceTree = "<group>"; };
		FEACEB2D23D7099F00166FFE /* Base */ = {isa = PBXFileReference; lastKnownFileType = file.storyboard; name = Base; path = Base.lproj/LaunchScreen.storyboard; sourceTree = "<group>"; };
		FEACEB2F23D7099F00166FFE /* Info.plist */ = {isa = PBXFileReference; lastKnownFileType = text.plist.xml; path = Info.plist; sourceTree = "<group>"; };
		FEACEB3423D7099F00166FFE /* TestInfosysApplicationTests.xctest */ = {isa = PBXFileReference; explicitFileType = wrapper.cfbundle; includeInIndex = 0; path = TestInfosysApplicationTests.xctest; sourceTree = BUILT_PRODUCTS_DIR; };
		FEACEB3823D7099F00166FFE /* TestInfosysApplicationTests.swift */ = {isa = PBXFileReference; lastKnownFileType = sourcecode.swift; path = TestInfosysApplicationTests.swift; sourceTree = "<group>"; };
		FEACEB3A23D7099F00166FFE /* Info.plist */ = {isa = PBXFileReference; lastKnownFileType = text.plist.xml; path = Info.plist; sourceTree = "<group>"; };
		FEACEB3F23D7099F00166FFE /* TestInfosysApplicationUITests.xctest */ = {isa = PBXFileReference; explicitFileType = wrapper.cfbundle; includeInIndex = 0; path = TestInfosysApplicationUITests.xctest; sourceTree = BUILT_PRODUCTS_DIR; };
		FEACEB4323D7099F00166FFE /* TestInfosysApplicationUITests.swift */ = {isa = PBXFileReference; lastKnownFileType = sourcecode.swift; path = TestInfosysApplicationUITests.swift; sourceTree = "<group>"; };
		FEACEB4523D7099F00166FFE /* Info.plist */ = {isa = PBXFileReference; lastKnownFileType = text.plist.xml; path = Info.plist; sourceTree = "<group>"; };
		FEACEB5623D70C0800166FFE /* Constants.swift */ = {isa = PBXFileReference; lastKnownFileType = sourcecode.swift; path = Constants.swift; sourceTree = "<group>"; };
		FEACEB5A23D7119100166FFE /* TestInfosysApplicationFactModel.swift */ = {isa = PBXFileReference; lastKnownFileType = sourcecode.swift; path = TestInfosysApplicationFactModel.swift; sourceTree = "<group>"; };
/* End PBXFileReference section */

/* Begin PBXFrameworksBuildPhase section */
		FEACEB1D23D7099400166FFE /* Frameworks */ = {
			isa = PBXFrameworksBuildPhase;
			buildActionMask = 2147483647;
			files = (
			);
			runOnlyForDeploymentPostprocessing = 0;
		};
		FEACEB3123D7099F00166FFE /* Frameworks */ = {
			isa = PBXFrameworksBuildPhase;
			buildActionMask = 2147483647;
			files = (
			);
			runOnlyForDeploymentPostprocessing = 0;
		};
		FEACEB3C23D7099F00166FFE /* Frameworks */ = {
			isa = PBXFrameworksBuildPhase;
			buildActionMask = 2147483647;
			files = (
			);
			runOnlyForDeploymentPostprocessing = 0;
		};
/* End PBXFrameworksBuildPhase section */

/* Begin PBXGroup section */
		FE128DC223D7EC67006C9990 /* View */ = {
			isa = PBXGroup;
			children = (
				FE34D65223D776B000B34880 /* FactTableViewCell.swift */,
			);
			path = View;
			sourceTree = "<group>";
		};
		FE34D64323D7567B00B34880 /* Network */ = {
			isa = PBXGroup;
			children = (
				FE34D64A23D75AA400B34880 /* PendingOperations.swift */,
				FE34D64C23D75AE600B34880 /* ImageDownloader.swift */,
				FE34D65023D761AB00B34880 /* APIClient.swift */,
			);
			path = Network;
			sourceTree = "<group>";
		};
		FEACEB1723D7099400166FFE = {
			isa = PBXGroup;
			children = (
				FEACEB2223D7099400166FFE /* TestInfosysApplication */,
				FEACEB3723D7099F00166FFE /* TestInfosysApplicationTests */,
				FEACEB4223D7099F00166FFE /* TestInfosysApplicationUITests */,
				FEACEB2123D7099400166FFE /* Products */,
			);
			sourceTree = "<group>";
		};
		FEACEB2123D7099400166FFE /* Products */ = {
			isa = PBXGroup;
			children = (
				FEACEB2023D7099400166FFE /* TestInfosysApplication.app */,
				FEACEB3423D7099F00166FFE /* TestInfosysApplicationTests.xctest */,
				FEACEB3F23D7099F00166FFE /* TestInfosysApplicationUITests.xctest */,
			);
			name = Products;
			sourceTree = "<group>";
		};
		FEACEB2223D7099400166FFE /* TestInfosysApplication */ = {
			isa = PBXGroup;
			children = (
				FE128DC223D7EC67006C9990 /* View */,
				FEACEB2F23D7099F00166FFE /* Info.plist */,
				FEACEB5423D70BA100166FFE /* Controller */,
				FEACEB5323D70B9500166FFE /* ViewModel */,
				FEACEB5223D70B8400166FFE /* Model */,
				FEACEB5123D70B5A00166FFE /* Application */,
			);
			path = TestInfosysApplication;
			sourceTree = "<group>";
		};
		FEACEB3723D7099F00166FFE /* TestInfosysApplicationTests */ = {
			isa = PBXGroup;
			children = (
				FEACEB3823D7099F00166FFE /* TestInfosysApplicationTests.swift */,
				FEACEB3A23D7099F00166FFE /* Info.plist */,
				FEACEB5A23D7119100166FFE /* TestInfosysApplicationFactModel.swift */,
				FE34D63D23D71DC600B34880 /* TestInfosysApplicationFactListModel.swift */,
			);
			path = TestInfosysApplicationTests;
			sourceTree = "<group>";
		};
		FEACEB4223D7099F00166FFE /* TestInfosysApplicationUITests */ = {
			isa = PBXGroup;
			children = (
				FEACEB4323D7099F00166FFE /* TestInfosysApplicationUITests.swift */,
				FEACEB4523D7099F00166FFE /* Info.plist */,
			);
			path = TestInfosysApplicationUITests;
			sourceTree = "<group>";
		};
		FEACEB5123D70B5A00166FFE /* Application */ = {
			isa = PBXGroup;
			children = (
				FE34D64323D7567B00B34880 /* Network */,
				FEACEB5523D70BBF00166FFE /* Assets */,
				FEACEB2323D7099400166FFE /* AppDelegate.swift */,
				FEACEB2C23D7099F00166FFE /* LaunchScreen.storyboard */,
				FEACEB5623D70C0800166FFE /* Constants.swift */,
			);
			path = Application;
			sourceTree = "<group>";
		};
		FEACEB5223D70B8400166FFE /* Model */ = {
			isa = PBXGroup;
			children = (
				FE34D63923D7169700B34880 /* FactModel.swift */,
				FE34D63F23D71F5D00B34880 /* FactListModel.swift */,
				FE34D64823D75A4700B34880 /* PhotoRecord.swift */,
				FE128DC323D7EF37006C9990 /* DynamicValue.swift */,
			);
			path = Model;
			sourceTree = "<group>";
		};
		FEACEB5323D70B9500166FFE /* ViewModel */ = {
			isa = PBXGroup;
			children = (
				FE34D64123D73F1700B34880 /* FactsManager.swift */,
				FE128DC523D7EFAA006C9990 /* GenericDataSource.swift */,
				FE128DC723D7F04F006C9990 /* FactListViewModel.swift */,
			);
			path = ViewModel;
			sourceTree = "<group>";
		};
		FEACEB5423D70BA100166FFE /* Controller */ = {
			isa = PBXGroup;
			children = (
				FEACEB2523D7099400166FFE /* ViewController.swift */,
				FE128DC923D7F238006C9990 /* ViewController+Datasource.swift */,
			);
			path = Controller;
			sourceTree = "<group>";
		};
		FEACEB5523D70BBF00166FFE /* Assets */ = {
			isa = PBXGroup;
			children = (
				FEACEB2A23D7099F00166FFE /* Assets.xcassets */,
			);
			path = Assets;
			sourceTree = "<group>";
		};
/* End PBXGroup section */

/* Begin PBXNativeTarget section */
		FEACEB1F23D7099400166FFE /* TestInfosysApplication */ = {
			isa = PBXNativeTarget;
			buildConfigurationList = FEACEB4823D7099F00166FFE /* Build configuration list for PBXNativeTarget "TestInfosysApplication" */;
			buildPhases = (
				FEACEB1C23D7099400166FFE /* Sources */,
				FEACEB1D23D7099400166FFE /* Frameworks */,
				FEACEB1E23D7099400166FFE /* Resources */,
			);
			buildRules = (
			);
			dependencies = (
			);
			name = TestInfosysApplication;
			productName = TestInfosysApplication;
			productReference = FEACEB2023D7099400166FFE /* TestInfosysApplication.app */;
			productType = "com.apple.product-type.application";
		};
		FEACEB3323D7099F00166FFE /* TestInfosysApplicationTests */ = {
			isa = PBXNativeTarget;
			buildConfigurationList = FEACEB4B23D7099F00166FFE /* Build configuration list for PBXNativeTarget "TestInfosysApplicationTests" */;
			buildPhases = (
				FEACEB3023D7099F00166FFE /* Sources */,
				FEACEB3123D7099F00166FFE /* Frameworks */,
				FEACEB3223D7099F00166FFE /* Resources */,
			);
			buildRules = (
			);
			dependencies = (
				FEACEB3623D7099F00166FFE /* PBXTargetDependency */,
			);
			name = TestInfosysApplicationTests;
			productName = TestInfosysApplicationTests;
			productReference = FEACEB3423D7099F00166FFE /* TestInfosysApplicationTests.xctest */;
			productType = "com.apple.product-type.bundle.unit-test";
		};
		FEACEB3E23D7099F00166FFE /* TestInfosysApplicationUITests */ = {
			isa = PBXNativeTarget;
			buildConfigurationList = FEACEB4E23D7099F00166FFE /* Build configuration list for PBXNativeTarget "TestInfosysApplicationUITests" */;
			buildPhases = (
				FEACEB3B23D7099F00166FFE /* Sources */,
				FEACEB3C23D7099F00166FFE /* Frameworks */,
				FEACEB3D23D7099F00166FFE /* Resources */,
			);
			buildRules = (
			);
			dependencies = (
				FEACEB4123D7099F00166FFE /* PBXTargetDependency */,
			);
			name = TestInfosysApplicationUITests;
			productName = TestInfosysApplicationUITests;
			productReference = FEACEB3F23D7099F00166FFE /* TestInfosysApplicationUITests.xctest */;
			productType = "com.apple.product-type.bundle.ui-testing";
		};
/* End PBXNativeTarget section */

/* Begin PBXProject section */
		FEACEB1823D7099400166FFE /* Project object */ = {
			isa = PBXProject;
			attributes = {
				LastSwiftUpdateCheck = 1030;
				LastUpgradeCheck = 1030;
				ORGANIZATIONNAME = Anshika;
				TargetAttributes = {
					FEACEB1F23D7099400166FFE = {
						CreatedOnToolsVersion = 10.3;
					};
					FEACEB3323D7099F00166FFE = {
						CreatedOnToolsVersion = 10.3;
						TestTargetID = FEACEB1F23D7099400166FFE;
					};
					FEACEB3E23D7099F00166FFE = {
						CreatedOnToolsVersion = 10.3;
						TestTargetID = FEACEB1F23D7099400166FFE;
					};
				};
			};
			buildConfigurationList = FEACEB1B23D7099400166FFE /* Build configuration list for PBXProject "TestInfosysApplication" */;
			compatibilityVersion = "Xcode 9.3";
			developmentRegion = en;
			hasScannedForEncodings = 0;
			knownRegions = (
				en,
				Base,
			);
			mainGroup = FEACEB1723D7099400166FFE;
			productRefGroup = FEACEB2123D7099400166FFE /* Products */;
			projectDirPath = "";
			projectRoot = "";
			targets = (
				FEACEB1F23D7099400166FFE /* TestInfosysApplication */,
				FEACEB3323D7099F00166FFE /* TestInfosysApplicationTests */,
				FEACEB3E23D7099F00166FFE /* TestInfosysApplicationUITests */,
			);
		};
/* End PBXProject section */

/* Begin PBXResourcesBuildPhase section */
		FEACEB1E23D7099400166FFE /* Resources */ = {
			isa = PBXResourcesBuildPhase;
			buildActionMask = 2147483647;
			files = (
				FEACEB2E23D7099F00166FFE /* LaunchScreen.storyboard in Resources */,
				FEACEB2B23D7099F00166FFE /* Assets.xcassets in Resources */,
			);
			runOnlyForDeploymentPostprocessing = 0;
		};
		FEACEB3223D7099F00166FFE /* Resources */ = {
			isa = PBXResourcesBuildPhase;
			buildActionMask = 2147483647;
			files = (
			);
			runOnlyForDeploymentPostprocessing = 0;
		};
		FEACEB3D23D7099F00166FFE /* Resources */ = {
			isa = PBXResourcesBuildPhase;
			buildActionMask = 2147483647;
			files = (
			);
			runOnlyForDeploymentPostprocessing = 0;
		};
/* End PBXResourcesBuildPhase section */

/* Begin PBXSourcesBuildPhase section */
		FEACEB1C23D7099400166FFE /* Sources */ = {
			isa = PBXSourcesBuildPhase;
			buildActionMask = 2147483647;
			files = (
				FE34D64023D71F5D00B34880 /* FactListModel.swift in Sources */,
				FE34D63A23D7169700B34880 /* FactModel.swift in Sources */,
				FE128DC823D7F04F006C9990 /* FactListViewModel.swift in Sources */,
				FE34D64B23D75AA400B34880 /* PendingOperations.swift in Sources */,
				FEACEB2623D7099400166FFE /* ViewController.swift in Sources */,
				FE128DCA23D7F238006C9990 /* ViewController+Datasource.swift in Sources */,
				FE34D64D23D75AE600B34880 /* ImageDownloader.swift in Sources */,
				FE34D65323D776B000B34880 /* FactTableViewCell.swift in Sources */,
				FEACEB2423D7099400166FFE /* AppDelegate.swift in Sources */,
				FE128DC423D7EF37006C9990 /* DynamicValue.swift in Sources */,
				FE34D64223D73F1700B34880 /* FactsManager.swift in Sources */,
				FE34D64923D75A4700B34880 /* PhotoRecord.swift in Sources */,
				FEACEB5723D70C0800166FFE /* Constants.swift in Sources */,
				FE128DC623D7EFAA006C9990 /* GenericDataSource.swift in Sources */,
				FE34D65123D761AB00B34880 /* APIClient.swift in Sources */,
			);
			runOnlyForDeploymentPostprocessing = 0;
		};
		FEACEB3023D7099F00166FFE /* Sources */ = {
			isa = PBXSourcesBuildPhase;
			buildActionMask = 2147483647;
			files = (
				FEACEB5B23D7119100166FFE /* TestInfosysApplicationFactModel.swift in Sources */,
				FE34D63E23D71DC600B34880 /* TestInfosysApplicationFactListModel.swift in Sources */,
				FEACEB3923D7099F00166FFE /* TestInfosysApplicationTests.swift in Sources */,
			);
			runOnlyForDeploymentPostprocessing = 0;
		};
		FEACEB3B23D7099F00166FFE /* Sources */ = {
			isa = PBXSourcesBuildPhase;
			buildActionMask = 2147483647;
			files = (
				FEACEB4423D7099F00166FFE /* TestInfosysApplicationUITests.swift in Sources */,
			);
			runOnlyForDeploymentPostprocessing = 0;
		};
/* End PBXSourcesBuildPhase section */

/* Begin PBXTargetDependency section */
		FEACEB3623D7099F00166FFE /* PBXTargetDependency */ = {
			isa = PBXTargetDependency;
			target = FEACEB1F23D7099400166FFE /* TestInfosysApplication */;
			targetProxy = FEACEB3523D7099F00166FFE /* PBXContainerItemProxy */;
		};
		FEACEB4123D7099F00166FFE /* PBXTargetDependency */ = {
			isa = PBXTargetDependency;
			target = FEACEB1F23D7099400166FFE /* TestInfosysApplication */;
			targetProxy = FEACEB4023D7099F00166FFE /* PBXContainerItemProxy */;
		};
/* End PBXTargetDependency section */

/* Begin PBXVariantGroup section */
		FEACEB2C23D7099F00166FFE /* LaunchScreen.storyboard */ = {
			isa = PBXVariantGroup;
			children = (
				FEACEB2D23D7099F00166FFE /* Base */,
			);
			name = LaunchScreen.storyboard;
			sourceTree = "<group>";
		};
/* End PBXVariantGroup section */

/* Begin XCBuildConfiguration section */
		FEACEB4623D7099F00166FFE /* Debug */ = {
			isa = XCBuildConfiguration;
			buildSettings = {
				ALWAYS_SEARCH_USER_PATHS = NO;
				CLANG_ANALYZER_NONNULL = YES;
				CLANG_ANALYZER_NUMBER_OBJECT_CONVERSION = YES_AGGRESSIVE;
				CLANG_CXX_LANGUAGE_STANDARD = "gnu++14";
				CLANG_CXX_LIBRARY = "libc++";
				CLANG_ENABLE_MODULES = YES;
				CLANG_ENABLE_OBJC_ARC = YES;
				CLANG_ENABLE_OBJC_WEAK = YES;
				CLANG_WARN_BLOCK_CAPTURE_AUTORELEASING = YES;
				CLANG_WARN_BOOL_CONVERSION = YES;
				CLANG_WARN_COMMA = YES;
				CLANG_WARN_CONSTANT_CONVERSION = YES;
				CLANG_WARN_DEPRECATED_OBJC_IMPLEMENTATIONS = YES;
				CLANG_WARN_DIRECT_OBJC_ISA_USAGE = YES_ERROR;
				CLANG_WARN_DOCUMENTATION_COMMENTS = YES;
				CLANG_WARN_EMPTY_BODY = YES;
				CLANG_WARN_ENUM_CONVERSION = YES;
				CLANG_WARN_INFINITE_RECURSION = YES;
				CLANG_WARN_INT_CONVERSION = YES;
				CLANG_WARN_NON_LITERAL_NULL_CONVERSION = YES;
				CLANG_WARN_OBJC_IMPLICIT_RETAIN_SELF = YES;
				CLANG_WARN_OBJC_LITERAL_CONVERSION = YES;
				CLANG_WARN_OBJC_ROOT_CLASS = YES_ERROR;
				CLANG_WARN_RANGE_LOOP_ANALYSIS = YES;
				CLANG_WARN_STRICT_PROTOTYPES = YES;
				CLANG_WARN_SUSPICIOUS_MOVE = YES;
				CLANG_WARN_UNGUARDED_AVAILABILITY = YES_AGGRESSIVE;
				CLANG_WARN_UNREACHABLE_CODE = YES;
				CLANG_WARN__DUPLICATE_METHOD_MATCH = YES;
				CODE_SIGN_IDENTITY = "iPhone Developer";
				COPY_PHASE_STRIP = NO;
				DEBUG_INFORMATION_FORMAT = dwarf;
				ENABLE_STRICT_OBJC_MSGSEND = YES;
				ENABLE_TESTABILITY = YES;
				GCC_C_LANGUAGE_STANDARD = gnu11;
				GCC_DYNAMIC_NO_PIC = NO;
				GCC_NO_COMMON_BLOCKS = YES;
				GCC_OPTIMIZATION_LEVEL = 0;
				GCC_PREPROCESSOR_DEFINITIONS = (
					"DEBUG=1",
					"$(inherited)",
				);
				GCC_WARN_64_TO_32_BIT_CONVERSION = YES;
				GCC_WARN_ABOUT_RETURN_TYPE = YES_ERROR;
				GCC_WARN_UNDECLARED_SELECTOR = YES;
				GCC_WARN_UNINITIALIZED_AUTOS = YES_AGGRESSIVE;
				GCC_WARN_UNUSED_FUNCTION = YES;
				GCC_WARN_UNUSED_VARIABLE = YES;
				IPHONEOS_DEPLOYMENT_TARGET = 12.4;
				MTL_ENABLE_DEBUG_INFO = INCLUDE_SOURCE;
				MTL_FAST_MATH = YES;
				ONLY_ACTIVE_ARCH = YES;
				SDKROOT = iphoneos;
				SWIFT_ACTIVE_COMPILATION_CONDITIONS = DEBUG;
				SWIFT_OPTIMIZATION_LEVEL = "-Onone";
			};
			name = Debug;
		};
		FEACEB4723D7099F00166FFE /* Release */ = {
			isa = XCBuildConfiguration;
			buildSettings = {
				ALWAYS_SEARCH_USER_PATHS = NO;
				CLANG_ANALYZER_NONNULL = YES;
				CLANG_ANALYZER_NUMBER_OBJECT_CONVERSION = YES_AGGRESSIVE;
				CLANG_CXX_LANGUAGE_STANDARD = "gnu++14";
				CLANG_CXX_LIBRARY = "libc++";
				CLANG_ENABLE_MODULES = YES;
				CLANG_ENABLE_OBJC_ARC = YES;
				CLANG_ENABLE_OBJC_WEAK = YES;
				CLANG_WARN_BLOCK_CAPTURE_AUTORELEASING = YES;
				CLANG_WARN_BOOL_CONVERSION = YES;
				CLANG_WARN_COMMA = YES;
				CLANG_WARN_CONSTANT_CONVERSION = YES;
				CLANG_WARN_DEPRECATED_OBJC_IMPLEMENTATIONS = YES;
				CLANG_WARN_DIRECT_OBJC_ISA_USAGE = YES_ERROR;
				CLANG_WARN_DOCUMENTATION_COMMENTS = YES;
				CLANG_WARN_EMPTY_BODY = YES;
				CLANG_WARN_ENUM_CONVERSION = YES;
				CLANG_WARN_INFINITE_RECURSION = YES;
				CLANG_WARN_INT_CONVERSION = YES;
				CLANG_WARN_NON_LITERAL_NULL_CONVERSION = YES;
				CLANG_WARN_OBJC_IMPLICIT_RETAIN_SELF = YES;
				CLANG_WARN_OBJC_LITERAL_CONVERSION = YES;
				CLANG_WARN_OBJC_ROOT_CLASS = YES_ERROR;
				CLANG_WARN_RANGE_LOOP_ANALYSIS = YES;
				CLANG_WARN_STRICT_PROTOTYPES = YES;
				CLANG_WARN_SUSPICIOUS_MOVE = YES;
				CLANG_WARN_UNGUARDED_AVAILABILITY = YES_AGGRESSIVE;
				CLANG_WARN_UNREACHABLE_CODE = YES;
				CLANG_WARN__DUPLICATE_METHOD_MATCH = YES;
				CODE_SIGN_IDENTITY = "iPhone Developer";
				COPY_PHASE_STRIP = NO;
				DEBUG_INFORMATION_FORMAT = "dwarf-with-dsym";
				ENABLE_NS_ASSERTIONS = NO;
				ENABLE_STRICT_OBJC_MSGSEND = YES;
				GCC_C_LANGUAGE_STANDARD = gnu11;
				GCC_NO_COMMON_BLOCKS = YES;
				GCC_WARN_64_TO_32_BIT_CONVERSION = YES;
				GCC_WARN_ABOUT_RETURN_TYPE = YES_ERROR;
				GCC_WARN_UNDECLARED_SELECTOR = YES;
				GCC_WARN_UNINITIALIZED_AUTOS = YES_AGGRESSIVE;
				GCC_WARN_UNUSED_FUNCTION = YES;
				GCC_WARN_UNUSED_VARIABLE = YES;
				IPHONEOS_DEPLOYMENT_TARGET = 12.4;
				MTL_ENABLE_DEBUG_INFO = NO;
				MTL_FAST_MATH = YES;
				SDKROOT = iphoneos;
				SWIFT_COMPILATION_MODE = wholemodule;
				SWIFT_OPTIMIZATION_LEVEL = "-O";
				VALIDATE_PRODUCT = YES;
			};
			name = Release;
		};
		FEACEB4923D7099F00166FFE /* Debug */ = {
			isa = XCBuildConfiguration;
			buildSettings = {
				ASSETCATALOG_COMPILER_APPICON_NAME = AppIcon;
				CODE_SIGN_STYLE = Automatic;
				INFOPLIST_FILE = TestInfosysApplication/Info.plist;
				LD_RUNPATH_SEARCH_PATHS = (
					"$(inherited)",
					"@executable_path/Frameworks",
				);
				PRODUCT_BUNDLE_IDENTIFIER = Infosys.TestInfosysApplication;
				PRODUCT_NAME = "$(TARGET_NAME)";
				SWIFT_VERSION = 5.0;
				TARGETED_DEVICE_FAMILY = "1,2";
			};
			name = Debug;
		};
		FEACEB4A23D7099F00166FFE /* Release */ = {
			isa = XCBuildConfiguration;
			buildSettings = {
				ASSETCATALOG_COMPILER_APPICON_NAME = AppIcon;
				CODE_SIGN_STYLE = Automatic;
				INFOPLIST_FILE = TestInfosysApplication/Info.plist;
				LD_RUNPATH_SEARCH_PATHS = (
					"$(inherited)",
					"@executable_path/Frameworks",
				);
				PRODUCT_BUNDLE_IDENTIFIER = Infosys.TestInfosysApplication;
				PRODUCT_NAME = "$(TARGET_NAME)";
				SWIFT_VERSION = 5.0;
				TARGETED_DEVICE_FAMILY = "1,2";
			};
			name = Release;
		};
		FEACEB4C23D7099F00166FFE /* Debug */ = {
			isa = XCBuildConfiguration;
			buildSettings = {
				ALWAYS_EMBED_SWIFT_STANDARD_LIBRARIES = YES;
				BUNDLE_LOADER = "$(TEST_HOST)";
				CODE_SIGN_STYLE = Automatic;
				INFOPLIST_FILE = TestInfosysApplicationTests/Info.plist;
				LD_RUNPATH_SEARCH_PATHS = (
					"$(inherited)",
					"@executable_path/Frameworks",
					"@loader_path/Frameworks",
				);
				PRODUCT_BUNDLE_IDENTIFIER = Infosys.TestInfosysApplicationTests;
				PRODUCT_NAME = "$(TARGET_NAME)";
				SWIFT_VERSION = 5.0;
				TARGETED_DEVICE_FAMILY = "1,2";
				TEST_HOST = "$(BUILT_PRODUCTS_DIR)/TestInfosysApplication.app/TestInfosysApplication";
			};
			name = Debug;
		};
		FEACEB4D23D7099F00166FFE /* Release */ = {
			isa = XCBuildConfiguration;
			buildSettings = {
				ALWAYS_EMBED_SWIFT_STANDARD_LIBRARIES = YES;
				BUNDLE_LOADER = "$(TEST_HOST)";
				CODE_SIGN_STYLE = Automatic;
				INFOPLIST_FILE = TestInfosysApplicationTests/Info.plist;
				LD_RUNPATH_SEARCH_PATHS = (
					"$(inherited)",
					"@executable_path/Frameworks",
					"@loader_path/Frameworks",
				);
				PRODUCT_BUNDLE_IDENTIFIER = Infosys.TestInfosysApplicationTests;
				PRODUCT_NAME = "$(TARGET_NAME)";
				SWIFT_VERSION = 5.0;
				TARGETED_DEVICE_FAMILY = "1,2";
				TEST_HOST = "$(BUILT_PRODUCTS_DIR)/TestInfosysApplication.app/TestInfosysApplication";
			};
			name = Release;
		};
		FEACEB4F23D7099F00166FFE /* Debug */ = {
			isa = XCBuildConfiguration;
			buildSettings = {
				ALWAYS_EMBED_SWIFT_STANDARD_LIBRARIES = YES;
				CODE_SIGN_STYLE = Automatic;
				INFOPLIST_FILE = TestInfosysApplicationUITests/Info.plist;
				LD_RUNPATH_SEARCH_PATHS = (
					"$(inherited)",
					"@executable_path/Frameworks",
					"@loader_path/Frameworks",
				);
				PRODUCT_BUNDLE_IDENTIFIER = Infosys.TestInfosysApplicationUITests;
				PRODUCT_NAME = "$(TARGET_NAME)";
				SWIFT_VERSION = 5.0;
				TARGETED_DEVICE_FAMILY = "1,2";
				TEST_TARGET_NAME = TestInfosysApplication;
			};
			name = Debug;
		};
		FEACEB5023D7099F00166FFE /* Release */ = {
			isa = XCBuildConfiguration;
			buildSettings = {
				ALWAYS_EMBED_SWIFT_STANDARD_LIBRARIES = YES;
				CODE_SIGN_STYLE = Automatic;
				INFOPLIST_FILE = TestInfosysApplicationUITests/Info.plist;
				LD_RUNPATH_SEARCH_PATHS = (
					"$(inherited)",
					"@executable_path/Frameworks",
					"@loader_path/Frameworks",
				);
				PRODUCT_BUNDLE_IDENTIFIER = Infosys.TestInfosysApplicationUITests;
				PRODUCT_NAME = "$(TARGET_NAME)";
				SWIFT_VERSION = 5.0;
				TARGETED_DEVICE_FAMILY = "1,2";
				TEST_TARGET_NAME = TestInfosysApplication;
			};
			name = Release;
		};
/* End XCBuildConfiguration section */

/* Begin XCConfigurationList section */
		FEACEB1B23D7099400166FFE /* Build configuration list for PBXProject "TestInfosysApplication" */ = {
			isa = XCConfigurationList;
			buildConfigurations = (
				FEACEB4623D7099F00166FFE /* Debug */,
				FEACEB4723D7099F00166FFE /* Release */,
			);
			defaultConfigurationIsVisible = 0;
			defaultConfigurationName = Release;
		};
		FEACEB4823D7099F00166FFE /* Build configuration list for PBXNativeTarget "TestInfosysApplication" */ = {
			isa = XCConfigurationList;
			buildConfigurations = (
				FEACEB4923D7099F00166FFE /* Debug */,
				FEACEB4A23D7099F00166FFE /* Release */,
			);
			defaultConfigurationIsVisible = 0;
			defaultConfigurationName = Release;
		};
		FEACEB4B23D7099F00166FFE /* Build configuration list for PBXNativeTarget "TestInfosysApplicationTests" */ = {
			isa = XCConfigurationList;
			buildConfigurations = (
				FEACEB4C23D7099F00166FFE /* Debug */,
				FEACEB4D23D7099F00166FFE /* Release */,
			);
			defaultConfigurationIsVisible = 0;
			defaultConfigurationName = Release;
		};
		FEACEB4E23D7099F00166FFE /* Build configuration list for PBXNativeTarget "TestInfosysApplicationUITests" */ = {
			isa = XCConfigurationList;
			buildConfigurations = (
				FEACEB4F23D7099F00166FFE /* Debug */,
				FEACEB5023D7099F00166FFE /* Release */,
			);
			defaultConfigurationIsVisible = 0;
			defaultConfigurationName = Release;
		};
/* End XCConfigurationList section */
	};
	rootObject = FEACEB1823D7099400166FFE /* Project object */;
}
